PODS:
  - Flutter (1.0.0)
  - flutter_local_notifications (0.0.1):
    - Flutter
  - sign_in_with_apple (0.0.1):
    - Flutter
  - twilio_voice (0.0.1):
    - Flutter
    - TwilioVoice (~> 6.13.1)
  - TwilioVoice (6.13.6)

DEPENDENCIES:
  - Flutter (from `Flutter`)
  - flutter_local_notifications (from `.symlinks/plugins/flutter_local_notifications/ios`)
  - sign_in_with_apple (from `.symlinks/plugins/sign_in_with_apple/ios`)
  - twilio_voice (from `.symlinks/plugins/twilio_voice/ios`)

SPEC REPOS:
  trunk:
    - TwilioVoice

EXTERNAL SOURCES:
  Flutter:
    :path: Flutter
  flutter_local_notifications:
    :path: ".symlinks/plugins/flutter_local_notifications/ios"
  sign_in_with_apple:
    :path: ".symlinks/plugins/sign_in_with_apple/ios"
  twilio_voice:
    :path: ".symlinks/plugins/twilio_voice/ios"

SPEC CHECKSUMS:
  Flutter: cabc95a1d2626b1b06e7179b784ebcf0c0cde467
  flutter_local_notifications: ad39620c743ea4c15127860f4b5641649a988100
  sign_in_with_apple: c5dcc141574c8c54d5ac99dd2163c0c72ad22418
  twilio_voice: c589d839176f560d93d7abc4630844a1dad28b90
  TwilioVoice: 04e059fd28d95423b971e823b1c1c1d6737e4e1b

PODFILE CHECKSUM: 1d3a87c058a6b878c2234a06db0984722f642eca

COCOAPODS: 1.16.2
